
Microsoft Visual Studio Solution File, Format Version 12.00
# Visual Studio Version 17
VisualStudioVersion = 17.14.36327.8
MinimumVisualStudioVersion = 10.0.40219.1
Project("{FAE04EC0-301F-11D3-BF4B-00C04F79EFBC}") = "ConsoleApp1", "ConsoleApp1\ConsoleApp1.csproj", "{096B48D5-D3F6-4217-B986-FB616987AAD6}"
EndProject
Project("{2150E333-8FDC-42A3-9474-1A3956D46DE8}") = "Itens de Solução", "Itens de Solução", "{380A7511-A354-6D7A-0CC0-8FA1F1BA7B6C}"
EndProject
Global
	GlobalSection(SolutionConfigurationPlatforms) = preSolution
		Debug|Any CPU = Debug|Any CPU
		Release|Any CPU = Release|Any CPU
	EndGlobalSection
	GlobalSection(ProjectConfigurationPlatforms) = postSolution
		{096B48D5-D3F6-4217-B986-FB616987AAD6}.Debug|Any CPU.ActiveCfg = Debug|Any CPU
		{096B48D5-D3F6-4217-B986-FB616987AAD6}.Debug|Any CPU.Build.0 = Debug|Any CPU
		{096B48D5-D3F6-4217-B986-FB616987AAD6}.Release|Any CPU.ActiveCfg = Release|Any CPU
		{096B48D5-D3F6-4217-B986-FB616987AAD6}.Release|Any CPU.Build.0 = Release|Any CPU
	EndGlobalSection
	GlobalSection(SolutionProperties) = preSolution
		HideSolutionNode = FALSE
	EndGlobalSection
	GlobalSection(ExtensibilityGlobals) = postSolution
		SolutionGuid = {4D24BD92-D526-4FAB-837A-B82AC841FF78}
	EndGlobalSection
EndGlobal
